
Microsoft Visual Studio Solution File, Format Version 12.00
# Visual Studio Version 17
VisualStudioVersion = 17.9.34723.18
MinimumVisualStudioVersion = 10.0.40219.1
Project("{FAE04EC0-301F-11D3-BF4B-00C04F79EFBC}") = "MetroApi", "MetroApi\MetroApi.csproj", "{9DE93841-B116-4AC7-8018-87091C70ECD7}"
EndProject
Global
	GlobalSection(SolutionConfigurationPlatforms) = preSolution
		Debug|Any CPU = Debug|Any CPU
		Release|Any CPU = Release|Any CPU
	EndGlobalSection
	GlobalSection(ProjectConfigurationPlatforms) = postSolution
		{9DE93841-B116-4AC7-8018-87091C70ECD7}.Debug|Any CPU.ActiveCfg = Debug|Any CPU
		{9DE93841-B116-4AC7-8018-87091C70ECD7}.Debug|Any CPU.Build.0 = Debug|Any CPU
		{9DE93841-B116-4AC7-8018-87091C70ECD7}.Release|Any CPU.ActiveCfg = Release|Any CPU
		{9DE93841-B116-4AC7-8018-87091C70ECD7}.Release|Any CPU.Build.0 = Release|Any CPU
	EndGlobalSection
	GlobalSection(SolutionProperties) = preSolution
		HideSolutionNode = FALSE
	EndGlobalSection
	GlobalSection(ExtensibilityGlobals) = postSolution
		SolutionGuid = {9D12CFC0-8A08-4281-89E5-B6062CB7E5C6}
	EndGlobalSection
EndGlobal
